
Microsoft Visual Studio Solution File, Format Version 12.00
# Visual Studio Version 17
VisualStudioVersion = 17.4.33205.214
MinimumVisualStudioVersion = 10.0.40219.1
Project("{2150E333-8FDC-42A3-9474-1A3956D46DE8}") = "src", "src", "{67FDB57C-99B6-4C96-86DF-51CA5C30633E}"
EndProject
Project("{2150E333-8FDC-42A3-9474-1A3956D46DE8}") = "BubbleSortAlgorithmProject", "BubbleSortAlgorithmProject", "{B841103C-3EEF-48C7-952E-70E3F6AB7648}"
EndProject
Project("{2150E333-8FDC-42A3-9474-1A3956D46DE8}") = "LibraryProject", "LibraryProject", "{5FD192E2-E46A-4A37-A228-0D18B5406E4E}"
EndProject
Project("{9A19103F-16F7-4668-BE54-9A1E7A4F7556}") = "TIMCaseStudy.BubbleShortAlgorithm", "src\BubbleSortAlgorithmProject\TIM.BubbleShortAlgorithm\TIMCaseStudy.BubbleShortAlgorithm.csproj", "{3905D091-AA18-471E-831D-A7331EEE538D}"
EndProject
Project("{2150E333-8FDC-42A3-9474-1A3956D46DE8}") = "Core", "Core", "{9DA2516D-D93E-452D-8CF5-930EEE0E98A3}"
EndProject
Project("{2150E333-8FDC-42A3-9474-1A3956D46DE8}") = "Infrastructure", "Infrastructure", "{BA48EACE-FD11-47F5-A9D3-966BC3874518}"
EndProject
Project("{2150E333-8FDC-42A3-9474-1A3956D46DE8}") = "Presentation", "Presentation", "{DDAA5005-2659-46E7-AB75-8C9D94EE1CCC}"
EndProject
Project("{9A19103F-16F7-4668-BE54-9A1E7A4F7556}") = "TIMCaseStudy.Domain", "src\LibraryProject\Core\TIMCaseStudy.Domain\TIMCaseStudy.Domain.csproj", "{BE95E265-56A5-4B3A-937A-6BAA212FB13E}"
EndProject
Project("{9A19103F-16F7-4668-BE54-9A1E7A4F7556}") = "TIMCaseStudy.Application", "src\LibraryProject\Core\TIMCaseStudy.Application\TIMCaseStudy.Application.csproj", "{D03B4C0A-E933-43A9-BCE3-9A45DBC37C8C}"
EndProject
Project("{9A19103F-16F7-4668-BE54-9A1E7A4F7556}") = "TIMCaseStudy.Infrastructure", "src\LibraryProject\Infrastructure\TIMCaseStudy.Infrastructure\TIMCaseStudy.Infrastructure.csproj", "{0D83A99F-F477-48DC-9F29-08AF25614D9A}"
EndProject
Project("{9A19103F-16F7-4668-BE54-9A1E7A4F7556}") = "TIMCaseStudy.Persistence", "src\LibraryProject\Infrastructure\TIMCaseStudy.Persistence\TIMCaseStudy.Persistence.csproj", "{326DB7C9-8405-43F5-99FB-9BF641FF053A}"
EndProject
Project("{9A19103F-16F7-4668-BE54-9A1E7A4F7556}") = "TIMCaseStudy.API", "src\LibraryProject\Presentation\TIMCaseStudy.API\TIMCaseStudy.API.csproj", "{BA45CE63-93D4-42A6-BA3E-A93141A3824C}"
EndProject
Project("{2150E333-8FDC-42A3-9474-1A3956D46DE8}") = "Common", "Common", "{9D6EFD93-E04D-4520-89EB-3C91B4834840}"
EndProject
Project("{9A19103F-16F7-4668-BE54-9A1E7A4F7556}") = "TIMCaseStudy.Common", "src\Common\TIMCaseStudy.Common\TIMCaseStudy.Common.csproj", "{EB1F0263-CCCA-4580-990D-C89FB90EE01D}"
EndProject
Global
	GlobalSection(SolutionConfigurationPlatforms) = preSolution
		Debug|Any CPU = Debug|Any CPU
		Release|Any CPU = Release|Any CPU
	EndGlobalSection
	GlobalSection(ProjectConfigurationPlatforms) = postSolution
		{3905D091-AA18-471E-831D-A7331EEE538D}.Debug|Any CPU.ActiveCfg = Debug|Any CPU
		{3905D091-AA18-471E-831D-A7331EEE538D}.Debug|Any CPU.Build.0 = Debug|Any CPU
		{3905D091-AA18-471E-831D-A7331EEE538D}.Release|Any CPU.ActiveCfg = Release|Any CPU
		{3905D091-AA18-471E-831D-A7331EEE538D}.Release|Any CPU.Build.0 = Release|Any CPU
		{BE95E265-56A5-4B3A-937A-6BAA212FB13E}.Debug|Any CPU.ActiveCfg = Debug|Any CPU
		{BE95E265-56A5-4B3A-937A-6BAA212FB13E}.Debug|Any CPU.Build.0 = Debug|Any CPU
		{BE95E265-56A5-4B3A-937A-6BAA212FB13E}.Release|Any CPU.ActiveCfg = Release|Any CPU
		{BE95E265-56A5-4B3A-937A-6BAA212FB13E}.Release|Any CPU.Build.0 = Release|Any CPU
		{D03B4C0A-E933-43A9-BCE3-9A45DBC37C8C}.Debug|Any CPU.ActiveCfg = Debug|Any CPU
		{D03B4C0A-E933-43A9-BCE3-9A45DBC37C8C}.Debug|Any CPU.Build.0 = Debug|Any CPU
		{D03B4C0A-E933-43A9-BCE3-9A45DBC37C8C}.Release|Any CPU.ActiveCfg = Release|Any CPU
		{D03B4C0A-E933-43A9-BCE3-9A45DBC37C8C}.Release|Any CPU.Build.0 = Release|Any CPU
		{0D83A99F-F477-48DC-9F29-08AF25614D9A}.Debug|Any CPU.ActiveCfg = Debug|Any CPU
		{0D83A99F-F477-48DC-9F29-08AF25614D9A}.Debug|Any CPU.Build.0 = Debug|Any CPU
		{0D83A99F-F477-48DC-9F29-08AF25614D9A}.Release|Any CPU.ActiveCfg = Release|Any CPU
		{0D83A99F-F477-48DC-9F29-08AF25614D9A}.Release|Any CPU.Build.0 = Release|Any CPU
		{326DB7C9-8405-43F5-99FB-9BF641FF053A}.Debug|Any CPU.ActiveCfg = Debug|Any CPU
		{326DB7C9-8405-43F5-99FB-9BF641FF053A}.Debug|Any CPU.Build.0 = Debug|Any CPU
		{326DB7C9-8405-43F5-99FB-9BF641FF053A}.Release|Any CPU.ActiveCfg = Release|Any CPU
		{326DB7C9-8405-43F5-99FB-9BF641FF053A}.Release|Any CPU.Build.0 = Release|Any CPU
		{BA45CE63-93D4-42A6-BA3E-A93141A3824C}.Debug|Any CPU.ActiveCfg = Debug|Any CPU
		{BA45CE63-93D4-42A6-BA3E-A93141A3824C}.Debug|Any CPU.Build.0 = Debug|Any CPU
		{BA45CE63-93D4-42A6-BA3E-A93141A3824C}.Release|Any CPU.ActiveCfg = Release|Any CPU
		{BA45CE63-93D4-42A6-BA3E-A93141A3824C}.Release|Any CPU.Build.0 = Release|Any CPU
		{EB1F0263-CCCA-4580-990D-C89FB90EE01D}.Debug|Any CPU.ActiveCfg = Debug|Any CPU
		{EB1F0263-CCCA-4580-990D-C89FB90EE01D}.Debug|Any CPU.Build.0 = Debug|Any CPU
		{EB1F0263-CCCA-4580-990D-C89FB90EE01D}.Release|Any CPU.ActiveCfg = Release|Any CPU
		{EB1F0263-CCCA-4580-990D-C89FB90EE01D}.Release|Any CPU.Build.0 = Release|Any CPU
	EndGlobalSection
	GlobalSection(SolutionProperties) = preSolution
		HideSolutionNode = FALSE
	EndGlobalSection
	GlobalSection(NestedProjects) = preSolution
		{B841103C-3EEF-48C7-952E-70E3F6AB7648} = {67FDB57C-99B6-4C96-86DF-51CA5C30633E}
		{5FD192E2-E46A-4A37-A228-0D18B5406E4E} = {67FDB57C-99B6-4C96-86DF-51CA5C30633E}
		{3905D091-AA18-471E-831D-A7331EEE538D} = {B841103C-3EEF-48C7-952E-70E3F6AB7648}
		{9DA2516D-D93E-452D-8CF5-930EEE0E98A3} = {5FD192E2-E46A-4A37-A228-0D18B5406E4E}
		{BA48EACE-FD11-47F5-A9D3-966BC3874518} = {5FD192E2-E46A-4A37-A228-0D18B5406E4E}
		{DDAA5005-2659-46E7-AB75-8C9D94EE1CCC} = {5FD192E2-E46A-4A37-A228-0D18B5406E4E}
		{BE95E265-56A5-4B3A-937A-6BAA212FB13E} = {9DA2516D-D93E-452D-8CF5-930EEE0E98A3}
		{D03B4C0A-E933-43A9-BCE3-9A45DBC37C8C} = {9DA2516D-D93E-452D-8CF5-930EEE0E98A3}
		{0D83A99F-F477-48DC-9F29-08AF25614D9A} = {BA48EACE-FD11-47F5-A9D3-966BC3874518}
		{326DB7C9-8405-43F5-99FB-9BF641FF053A} = {BA48EACE-FD11-47F5-A9D3-966BC3874518}
		{BA45CE63-93D4-42A6-BA3E-A93141A3824C} = {DDAA5005-2659-46E7-AB75-8C9D94EE1CCC}
		{9D6EFD93-E04D-4520-89EB-3C91B4834840} = {67FDB57C-99B6-4C96-86DF-51CA5C30633E}
		{EB1F0263-CCCA-4580-990D-C89FB90EE01D} = {9D6EFD93-E04D-4520-89EB-3C91B4834840}
	EndGlobalSection
	GlobalSection(ExtensibilityGlobals) = postSolution
		SolutionGuid = {2A5EA6B1-6FDB-42B6-9491-AD32D4553509}
	EndGlobalSection
EndGlobal
